// !$*UTF8*$!
{
	archiveVersion = 1;
	classes = {
	};
	objectVersion = 50;
	objects = {

/* Begin PBXBuildFile section */
		A13BCC5922F6CBBC00858D1F /* AppDelegate.swift in Sources */ = {isa = PBXBuildFile; fileRef = A13BCC5822F6CBBC00858D1F /* AppDelegate.swift */; };
		A13BCC5B22F6CBBC00858D1F /* ViewController.swift in Sources */ = {isa = PBXBuildFile; fileRef = A13BCC5A22F6CBBC00858D1F /* ViewController.swift */; };
		A13BCC5E22F6CBBC00858D1F /* Main.storyboard in Resources */ = {isa = PBXBuildFile; fileRef = A13BCC5C22F6CBBC00858D1F /* Main.storyboard */; };
		A13BCC6022F6CBBD00858D1F /* Assets.xcassets in Resources */ = {isa = PBXBuildFile; fileRef = A13BCC5F22F6CBBD00858D1F /* Assets.xcassets */; };
		A13BCC6322F6CBBD00858D1F /* LaunchScreen.storyboard in Resources */ = {isa = PBXBuildFile; fileRef = A13BCC6122F6CBBD00858D1F /* LaunchScreen.storyboard */; };
		A13BCC6E22F6CBBD00858D1F /* TreeNodeTests.swift in Sources */ = {isa = PBXBuildFile; fileRef = A13BCC6D22F6CBBD00858D1F /* TreeNodeTests.swift */; };
		A13BCC7922F6CBBD00858D1F /* TreeNodeUITests.swift in Sources */ = {isa = PBXBuildFile; fileRef = A13BCC7822F6CBBD00858D1F /* TreeNodeUITests.swift */; };
		A13BCC8722F6CCE100858D1F /* TreeNode.swift in Sources */ = {isa = PBXBuildFile; fileRef = A13BCC8622F6CCE100858D1F /* TreeNode.swift */; };
		A13BCC8922F6CD3800858D1F /* Queue.swift in Sources */ = {isa = PBXBuildFile; fileRef = A13BCC8822F6CD3800858D1F /* Queue.swift */; };
/* End PBXBuildFile section */

/* Begin PBXContainerItemProxy section */
		A13BCC6A22F6CBBD00858D1F /* PBXContainerItemProxy */ = {
			isa = PBXContainerItemProxy;
			containerPortal = A13BCC4D22F6CBBC00858D1F /* Project object */;
			proxyType = 1;
			remoteGlobalIDString = A13BCC5422F6CBBC00858D1F;
			remoteInfo = TreeNode;
		};
		A13BCC7522F6CBBD00858D1F /* PBXContainerItemProxy */ = {
			isa = PBXContainerItemProxy;
			containerPortal = A13BCC4D22F6CBBC00858D1F /* Project object */;
			proxyType = 1;
			remoteGlobalIDString = A13BCC5422F6CBBC00858D1F;
			remoteInfo = TreeNode;
		};
/* End PBXContainerItemProxy section */

/* Begin PBXFileReference section */
		A13BCC5522F6CBBC00858D1F /* TreeNode.app */ = {isa = PBXFileReference; explicitFileType = wrapper.application; includeInIndex = 0; path = TreeNode.app; sourceTree = BUILT_PRODUCTS_DIR; };
		A13BCC5822F6CBBC00858D1F /* AppDelegate.swift */ = {isa = PBXFileReference; lastKnownFileType = sourcecode.swift; path = AppDelegate.swift; sourceTree = "<group>"; };
		A13BCC5A22F6CBBC00858D1F /* ViewController.swift */ = {isa = PBXFileReference; lastKnownFileType = sourcecode.swift; path = ViewController.swift; sourceTree = "<group>"; };
		A13BCC5D22F6CBBC00858D1F /* Base */ = {isa = PBXFileReference; lastKnownFileType = file.storyboard; name = Base; path = Base.lproj/Main.storyboard; sourceTree = "<group>"; };
		A13BCC5F22F6CBBD00858D1F /* Assets.xcassets */ = {isa = PBXFileReference; lastKnownFileType = folder.assetcatalog; path = Assets.xcassets; sourceTree = "<group>"; };
		A13BCC6222F6CBBD00858D1F /* Base */ = {isa = PBXFileReference; lastKnownFileType = file.storyboard; name = Base; path = Base.lproj/LaunchScreen.storyboard; sourceTree = "<group>"; };
		A13BCC6422F6CBBD00858D1F /* Info.plist */ = {isa = PBXFileReference; lastKnownFileType = text.plist.xml; path = Info.plist; sourceTree = "<group>"; };
		A13BCC6922F6CBBD00858D1F /* TreeNodeTests.xctest */ = {isa = PBXFileReference; explicitFileType = wrapper.cfbundle; includeInIndex = 0; path = TreeNodeTests.xctest; sourceTree = BUILT_PRODUCTS_DIR; };
		A13BCC6D22F6CBBD00858D1F /* TreeNodeTests.swift */ = {isa = PBXFileReference; lastKnownFileType = sourcecode.swift; path = TreeNodeTests.swift; sourceTree = "<group>"; };
		A13BCC6F22F6CBBD00858D1F /* Info.plist */ = {isa = PBXFileReference; lastKnownFileType = text.plist.xml; path = Info.plist; sourceTree = "<group>"; };
		A13BCC7422F6CBBD00858D1F /* TreeNodeUITests.xctest */ = {isa = PBXFileReference; explicitFileType = wrapper.cfbundle; includeInIndex = 0; path = TreeNodeUITests.xctest; sourceTree = BUILT_PRODUCTS_DIR; };
		A13BCC7822F6CBBD00858D1F /* TreeNodeUITests.swift */ = {isa = PBXFileReference; lastKnownFileType = sourcecode.swift; path = TreeNodeUITests.swift; sourceTree = "<group>"; };
		A13BCC7A22F6CBBD00858D1F /* Info.plist */ = {isa = PBXFileReference; lastKnownFileType = text.plist.xml; path = Info.plist; sourceTree = "<group>"; };
		A13BCC8622F6CCE100858D1F /* TreeNode.swift */ = {isa = PBXFileReference; lastKnownFileType = sourcecode.swift; path = TreeNode.swift; sourceTree = "<group>"; };
		A13BCC8822F6CD3800858D1F /* Queue.swift */ = {isa = PBXFileReference; fileEncoding = 4; lastKnownFileType = sourcecode.swift; path = Queue.swift; sourceTree = "<group>"; };
/* End PBXFileReference section */

/* Begin PBXFrameworksBuildPhase section */
		A13BCC5222F6CBBC00858D1F /* Frameworks */ = {
			isa = PBXFrameworksBuildPhase;
			buildActionMask = 2147483647;
			files = (
			);
			runOnlyForDeploymentPostprocessing = 0;
		};
		A13BCC6622F6CBBD00858D1F /* Frameworks */ = {
			isa = PBXFrameworksBuildPhase;
			buildActionMask = 2147483647;
			files = (
			);
			runOnlyForDeploymentPostprocessing = 0;
		};
		A13BCC7122F6CBBD00858D1F /* Frameworks */ = {
			isa = PBXFrameworksBuildPhase;
			buildActionMask = 2147483647;
			files = (
			);
			runOnlyForDeploymentPostprocessing = 0;
		};
/* End PBXFrameworksBuildPhase section */

/* Begin PBXGroup section */
		A13BCC4C22F6CBBC00858D1F = {
			isa = PBXGroup;
			children = (
				A13BCC5722F6CBBC00858D1F /* TreeNode */,
				A13BCC6C22F6CBBD00858D1F /* TreeNodeTests */,
				A13BCC7722F6CBBD00858D1F /* TreeNodeUITests */,
				A13BCC5622F6CBBC00858D1F /* Products */,
			);
			sourceTree = "<group>";
		};
		A13BCC5622F6CBBC00858D1F /* Products */ = {
			isa = PBXGroup;
			children = (
				A13BCC5522F6CBBC00858D1F /* TreeNode.app */,
				A13BCC6922F6CBBD00858D1F /* TreeNodeTests.xctest */,
				A13BCC7422F6CBBD00858D1F /* TreeNodeUITests.xctest */,
			);
			name = Products;
			sourceTree = "<group>";
		};
		A13BCC5722F6CBBC00858D1F /* TreeNode */ = {
			isa = PBXGroup;
			children = (
				A13BCC5822F6CBBC00858D1F /* AppDelegate.swift */,
				A13BCC5A22F6CBBC00858D1F /* ViewController.swift */,
				A13BCC5C22F6CBBC00858D1F /* Main.storyboard */,
				A13BCC5F22F6CBBD00858D1F /* Assets.xcassets */,
				A13BCC6122F6CBBD00858D1F /* LaunchScreen.storyboard */,
				A13BCC6422F6CBBD00858D1F /* Info.plist */,
				A13BCC8822F6CD3800858D1F /* Queue.swift */,
				A13BCC8622F6CCE100858D1F /* TreeNode.swift */,
			);
			path = TreeNode;
			sourceTree = "<group>";
		};
		A13BCC6C22F6CBBD00858D1F /* TreeNodeTests */ = {
			isa = PBXGroup;
			children = (
				A13BCC6D22F6CBBD00858D1F /* TreeNodeTests.swift */,
				A13BCC6F22F6CBBD00858D1F /* Info.plist */,
			);
			path = TreeNodeTests;
			sourceTree = "<group>";
		};
		A13BCC7722F6CBBD00858D1F /* TreeNodeUITests */ = {
			isa = PBXGroup;
			children = (
				A13BCC7822F6CBBD00858D1F /* TreeNodeUITests.swift */,
				A13BCC7A22F6CBBD00858D1F /* Info.plist */,
			);
			path = TreeNodeUITests;
			sourceTree = "<group>";
		};
/* End PBXGroup section */

/* Begin PBXNativeTarget section */
		A13BCC5422F6CBBC00858D1F /* TreeNode */ = {
			isa = PBXNativeTarget;
			buildConfigurationList = A13BCC7D22F6CBBD00858D1F /* Build configuration list for PBXNativeTarget "TreeNode" */;
			buildPhases = (
				A13BCC5122F6CBBC00858D1F /* Sources */,
				A13BCC5222F6CBBC00858D1F /* Frameworks */,
				A13BCC5322F6CBBC00858D1F /* Resources */,
			);
			buildRules = (
			);
			dependencies = (
			);
			name = TreeNode;
			productName = TreeNode;
			productReference = A13BCC5522F6CBBC00858D1F /* TreeNode.app */;
			productType = "com.apple.product-type.application";
		};
		A13BCC6822F6CBBD00858D1F /* TreeNodeTests */ = {
			isa = PBXNativeTarget;
			buildConfigurationList = A13BCC8022F6CBBD00858D1F /* Build configuration list for PBXNativeTarget "TreeNodeTests" */;
			buildPhases = (
				A13BCC6522F6CBBD00858D1F /* Sources */,
				A13BCC6622F6CBBD00858D1F /* Frameworks */,
				A13BCC6722F6CBBD00858D1F /* Resources */,
			);
			buildRules = (
			);
			dependencies = (
				A13BCC6B22F6CBBD00858D1F /* PBXTargetDependency */,
			);
			name = TreeNodeTests;
			productName = TreeNodeTests;
			productReference = A13BCC6922F6CBBD00858D1F /* TreeNodeTests.xctest */;
			productType = "com.apple.product-type.bundle.unit-test";
		};
		A13BCC7322F6CBBD00858D1F /* TreeNodeUITests */ = {
			isa = PBXNativeTarget;
			buildConfigurationList = A13BCC8322F6CBBD00858D1F /* Build configuration list for PBXNativeTarget "TreeNodeUITests" */;
			buildPhases = (
				A13BCC7022F6CBBD00858D1F /* Sources */,
				A13BCC7122F6CBBD00858D1F /* Frameworks */,
				A13BCC7222F6CBBD00858D1F /* Resources */,
			);
			buildRules = (
			);
			dependencies = (
				A13BCC7622F6CBBD00858D1F /* PBXTargetDependency */,
			);
			name = TreeNodeUITests;
			productName = TreeNodeUITests;
			productReference = A13BCC7422F6CBBD00858D1F /* TreeNodeUITests.xctest */;
			productType = "com.apple.product-type.bundle.ui-testing";
		};
/* End PBXNativeTarget section */

/* Begin PBXProject section */
		A13BCC4D22F6CBBC00858D1F /* Project object */ = {
			isa = PBXProject;
			attributes = {
				LastSwiftUpdateCheck = 1020;
				LastUpgradeCheck = 1020;
				ORGANIZATIONNAME = Myron;
				TargetAttributes = {
					A13BCC5422F6CBBC00858D1F = {
						CreatedOnToolsVersion = 10.2.1;
					};
					A13BCC6822F6CBBD00858D1F = {
						CreatedOnToolsVersion = 10.2.1;
						TestTargetID = A13BCC5422F6CBBC00858D1F;
					};
					A13BCC7322F6CBBD00858D1F = {
						CreatedOnToolsVersion = 10.2.1;
						TestTargetID = A13BCC5422F6CBBC00858D1F;
					};
				};
			};
			buildConfigurationList = A13BCC5022F6CBBC00858D1F /* Build configuration list for PBXProject "TreeNode" */;
			compatibilityVersion = "Xcode 9.3";
			developmentRegion = en;
			hasScannedForEncodings = 0;
			knownRegions = (
				en,
				Base,
			);
			mainGroup = A13BCC4C22F6CBBC00858D1F;
			productRefGroup = A13BCC5622F6CBBC00858D1F /* Products */;
			projectDirPath = "";
			projectRoot = "";
			targets = (
				A13BCC5422F6CBBC00858D1F /* TreeNode */,
				A13BCC6822F6CBBD00858D1F /* TreeNodeTests */,
				A13BCC7322F6CBBD00858D1F /* TreeNodeUITests */,
			);
		};
/* End PBXProject section */

/* Begin PBXResourcesBuildPhase section */
		A13BCC5322F6CBBC00858D1F /* Resources */ = {
			isa = PBXResourcesBuildPhase;
			buildActionMask = 2147483647;
			files = (
				A13BCC6322F6CBBD00858D1F /* LaunchScreen.storyboard in Resources */,
				A13BCC6022F6CBBD00858D1F /* Assets.xcassets in Resources */,
				A13BCC5E22F6CBBC00858D1F /* Main.storyboard in Resources */,
			);
			runOnlyForDeploymentPostprocessing = 0;
		};
		A13BCC6722F6CBBD00858D1F /* Resources */ = {
			isa = PBXResourcesBuildPhase;
			buildActionMask = 2147483647;
			files = (
			);
			runOnlyForDeploymentPostprocessing = 0;
		};
		A13BCC7222F6CBBD00858D1F /* Resources */ = {
			isa = PBXResourcesBuildPhase;
			buildActionMask = 2147483647;
			files = (
			);
			runOnlyForDeploymentPostprocessing = 0;
		};
/* End PBXResourcesBuildPhase section */

/* Begin PBXSourcesBuildPhase section */
		A13BCC5122F6CBBC00858D1F /* Sources */ = {
			isa = PBXSourcesBuildPhase;
			buildActionMask = 2147483647;
			files = (
				A13BCC5B22F6CBBC00858D1F /* ViewController.swift in Sources */,
				A13BCC5922F6CBBC00858D1F /* AppDelegate.swift in Sources */,
				A13BCC8722F6CCE100858D1F /* TreeNode.swift in Sources */,
				A13BCC8922F6CD3800858D1F /* Queue.swift in Sources */,
			);
			runOnlyForDeploymentPostprocessing = 0;
		};
		A13BCC6522F6CBBD00858D1F /* Sources */ = {
			isa = PBXSourcesBuildPhase;
			buildActionMask = 2147483647;
			files = (
				A13BCC6E22F6CBBD00858D1F /* TreeNodeTests.swift in Sources */,
			);
			runOnlyForDeploymentPostprocessing = 0;
		};
		A13BCC7022F6CBBD00858D1F /* Sources */ = {
			isa = PBXSourcesBuildPhase;
			buildActionMask = 2147483647;
			files = (
				A13BCC7922F6CBBD00858D1F /* TreeNodeUITests.swift in Sources */,
			);
			runOnlyForDeploymentPostprocessing = 0;
		};
/* End PBXSourcesBuildPhase section */

/* Begin PBXTargetDependency section */
		A13BCC6B22F6CBBD00858D1F /* PBXTargetDependency */ = {
			isa = PBXTargetDependency;
			target = A13BCC5422F6CBBC00858D1F /* TreeNode */;
			targetProxy = A13BCC6A22F6CBBD00858D1F /* PBXContainerItemProxy */;
		};
		A13BCC7622F6CBBD00858D1F /* PBXTargetDependency */ = {
			isa = PBXTargetDependency;
			target = A13BCC5422F6CBBC00858D1F /* TreeNode */;
			targetProxy = A13BCC7522F6CBBD00858D1F /* PBXContainerItemProxy */;
		};
/* End PBXTargetDependency section */

/* Begin PBXVariantGroup section */
		A13BCC5C22F6CBBC00858D1F /* Main.storyboard */ = {
			isa = PBXVariantGroup;
			children = (
				A13BCC5D22F6CBBC00858D1F /* Base */,
			);
			name = Main.storyboard;
			sourceTree = "<group>";
		};
		A13BCC6122F6CBBD00858D1F /* LaunchScreen.storyboard */ = {
			isa = PBXVariantGroup;
			children = (
				A13BCC6222F6CBBD00858D1F /* Base */,
			);
			name = LaunchScreen.storyboard;
			sourceTree = "<group>";
		};
/* End PBXVariantGroup section */

/* Begin XCBuildConfiguration section */
		A13BCC7B22F6CBBD00858D1F /* Debug */ = {
			isa = XCBuildConfiguration;
			buildSettings = {
				ALWAYS_SEARCH_USER_PATHS = NO;
				CLANG_ANALYZER_NONNULL = YES;
				CLANG_ANALYZER_NUMBER_OBJECT_CONVERSION = YES_AGGRESSIVE;
				CLANG_CXX_LANGUAGE_STANDARD = "gnu++14";
				CLANG_CXX_LIBRARY = "libc++";
				CLANG_ENABLE_MODULES = YES;
				CLANG_ENABLE_OBJC_ARC = YES;
				CLANG_ENABLE_OBJC_WEAK = YES;
				CLANG_WARN_BLOCK_CAPTURE_AUTORELEASING = YES;
				CLANG_WARN_BOOL_CONVERSION = YES;
				CLANG_WARN_COMMA = YES;
				CLANG_WARN_CONSTANT_CONVERSION = YES;
				CLANG_WARN_DEPRECATED_OBJC_IMPLEMENTATIONS = YES;
				CLANG_WARN_DIRECT_OBJC_ISA_USAGE = YES_ERROR;
				CLANG_WARN_DOCUMENTATION_COMMENTS = YES;
				CLANG_WARN_EMPTY_BODY = YES;
				CLANG_WARN_ENUM_CONVERSION = YES;
				CLANG_WARN_INFINITE_RECURSION = YES;
				CLANG_WARN_INT_CONVERSION = YES;
				CLANG_WARN_NON_LITERAL_NULL_CONVERSION = YES;
				CLANG_WARN_OBJC_IMPLICIT_RETAIN_SELF = YES;
				CLANG_WARN_OBJC_LITERAL_CONVERSION = YES;
				CLANG_WARN_OBJC_ROOT_CLASS = YES_ERROR;
				CLANG_WARN_RANGE_LOOP_ANALYSIS = YES;
				CLANG_WARN_STRICT_PROTOTYPES = YES;
				CLANG_WARN_SUSPICIOUS_MOVE = YES;
				CLANG_WARN_UNGUARDED_AVAILABILITY = YES_AGGRESSIVE;
				CLANG_WARN_UNREACHABLE_CODE = YES;
				CLANG_WARN__DUPLICATE_METHOD_MATCH = YES;
				CODE_SIGN_IDENTITY = "iPhone Developer";
				COPY_PHASE_STRIP = NO;
				DEBUG_INFORMATION_FORMAT = dwarf;
				ENABLE_STRICT_OBJC_MSGSEND = YES;
				ENABLE_TESTABILITY = YES;
				GCC_C_LANGUAGE_STANDARD = gnu11;
				GCC_DYNAMIC_NO_PIC = NO;
				GCC_NO_COMMON_BLOCKS = YES;
				GCC_OPTIMIZATION_LEVEL = 0;
				GCC_PREPROCESSOR_DEFINITIONS = (
					"DEBUG=1",
					"$(inherited)",
				);
				GCC_WARN_64_TO_32_BIT_CONVERSION = YES;
				GCC_WARN_ABOUT_RETURN_TYPE = YES_ERROR;
				GCC_WARN_UNDECLARED_SELECTOR = YES;
				GCC_WARN_UNINITIALIZED_AUTOS = YES_AGGRESSIVE;
				GCC_WARN_UNUSED_FUNCTION = YES;
				GCC_WARN_UNUSED_VARIABLE = YES;
				IPHONEOS_DEPLOYMENT_TARGET = 12.2;
				MTL_ENABLE_DEBUG_INFO = INCLUDE_SOURCE;
				MTL_FAST_MATH = YES;
				ONLY_ACTIVE_ARCH = YES;
				SDKROOT = iphoneos;
				SWIFT_ACTIVE_COMPILATION_CONDITIONS = DEBUG;
				SWIFT_OPTIMIZATION_LEVEL = "-Onone";
			};
			name = Debug;
		};
		A13BCC7C22F6CBBD00858D1F /* Release */ = {
			isa = XCBuildConfiguration;
			buildSettings = {
				ALWAYS_SEARCH_USER_PATHS = NO;
				CLANG_ANALYZER_NONNULL = YES;
				CLANG_ANALYZER_NUMBER_OBJECT_CONVERSION = YES_AGGRESSIVE;
				CLANG_CXX_LANGUAGE_STANDARD = "gnu++14";
				CLANG_CXX_LIBRARY = "libc++";
				CLANG_ENABLE_MODULES = YES;
				CLANG_ENABLE_OBJC_ARC = YES;
				CLANG_ENABLE_OBJC_WEAK = YES;
				CLANG_WARN_BLOCK_CAPTURE_AUTORELEASING = YES;
				CLANG_WARN_BOOL_CONVERSION = YES;
				CLANG_WARN_COMMA = YES;
				CLANG_WARN_CONSTANT_CONVERSION = YES;
				CLANG_WARN_DEPRECATED_OBJC_IMPLEMENTATIONS = YES;
				CLANG_WARN_DIRECT_OBJC_ISA_USAGE = YES_ERROR;
				CLANG_WARN_DOCUMENTATION_COMMENTS = YES;
				CLANG_WARN_EMPTY_BODY = YES;
				CLANG_WARN_ENUM_CONVERSION = YES;
				CLANG_WARN_INFINITE_RECURSION = YES;
				CLANG_WARN_INT_CONVERSION = YES;
				CLANG_WARN_NON_LITERAL_NULL_CONVERSION = YES;
				CLANG_WARN_OBJC_IMPLICIT_RETAIN_SELF = YES;
				CLANG_WARN_OBJC_LITERAL_CONVERSION = YES;
				CLANG_WARN_OBJC_ROOT_CLASS = YES_ERROR;
				CLANG_WARN_RANGE_LOOP_ANALYSIS = YES;
				CLANG_WARN_STRICT_PROTOTYPES = YES;
				CLANG_WARN_SUSPICIOUS_MOVE = YES;
				CLANG_WARN_UNGUARDED_AVAILABILITY = YES_AGGRESSIVE;
				CLANG_WARN_UNREACHABLE_CODE = YES;
				CLANG_WARN__DUPLICATE_METHOD_MATCH = YES;
				CODE_SIGN_IDENTITY = "iPhone Developer";
				COPY_PHASE_STRIP = NO;
				DEBUG_INFORMATION_FORMAT = "dwarf-with-dsym";
				ENABLE_NS_ASSERTIONS = NO;
				ENABLE_STRICT_OBJC_MSGSEND = YES;
				GCC_C_LANGUAGE_STANDARD = gnu11;
				GCC_NO_COMMON_BLOCKS = YES;
				GCC_WARN_64_TO_32_BIT_CONVERSION = YES;
				GCC_WARN_ABOUT_RETURN_TYPE = YES_ERROR;
				GCC_WARN_UNDECLARED_SELECTOR = YES;
				GCC_WARN_UNINITIALIZED_AUTOS = YES_AGGRESSIVE;
				GCC_WARN_UNUSED_FUNCTION = YES;
				GCC_WARN_UNUSED_VARIABLE = YES;
				IPHONEOS_DEPLOYMENT_TARGET = 12.2;
				MTL_ENABLE_DEBUG_INFO = NO;
				MTL_FAST_MATH = YES;
				SDKROOT = iphoneos;
				SWIFT_COMPILATION_MODE = wholemodule;
				SWIFT_OPTIMIZATION_LEVEL = "-O";
				VALIDATE_PRODUCT = YES;
			};
			name = Release;
		};
		A13BCC7E22F6CBBD00858D1F /* Debug */ = {
			isa = XCBuildConfiguration;
			buildSettings = {
				ASSETCATALOG_COMPILER_APPICON_NAME = AppIcon;
				CODE_SIGN_STYLE = Automatic;
				DEVELOPMENT_TEAM = KGB4YH8FC6;
				INFOPLIST_FILE = TreeNode/Info.plist;
				LD_RUNPATH_SEARCH_PATHS = (
					"$(inherited)",
					"@executable_path/Frameworks",
				);
				PRODUCT_BUNDLE_IDENTIFIER = com.myron.Stack;
				PRODUCT_NAME = "$(TARGET_NAME)";
				SWIFT_VERSION = 5.0;
				TARGETED_DEVICE_FAMILY = "1,2";
			};
			name = Debug;
		};
		A13BCC7F22F6CBBD00858D1F /* Release */ = {
			isa = XCBuildConfiguration;
			buildSettings = {
				ASSETCATALOG_COMPILER_APPICON_NAME = AppIcon;
				CODE_SIGN_STYLE = Automatic;
				DEVELOPMENT_TEAM = KGB4YH8FC6;
				INFOPLIST_FILE = TreeNode/Info.plist;
				LD_RUNPATH_SEARCH_PATHS = (
					"$(inherited)",
					"@executable_path/Frameworks",
				);
				PRODUCT_BUNDLE_IDENTIFIER = com.myron.Stack;
				PRODUCT_NAME = "$(TARGET_NAME)";
				SWIFT_VERSION = 5.0;
				TARGETED_DEVICE_FAMILY = "1,2";
			};
			name = Release;
		};
		A13BCC8122F6CBBD00858D1F /* Debug */ = {
			isa = XCBuildConfiguration;
			buildSettings = {
				ALWAYS_EMBED_SWIFT_STANDARD_LIBRARIES = YES;
				BUNDLE_LOADER = "$(TEST_HOST)";
				CODE_SIGN_STYLE = Automatic;
				DEVELOPMENT_TEAM = KGB4YH8FC6;
				INFOPLIST_FILE = TreeNodeTests/Info.plist;
				LD_RUNPATH_SEARCH_PATHS = (
					"$(inherited)",
					"@executable_path/Frameworks",
					"@loader_path/Frameworks",
				);
				PRODUCT_BUNDLE_IDENTIFIER = com.myron.TreeNodeTests;
				PRODUCT_NAME = "$(TARGET_NAME)";
				SWIFT_VERSION = 5.0;
				TARGETED_DEVICE_FAMILY = "1,2";
				TEST_HOST = "$(BUILT_PRODUCTS_DIR)/TreeNode.app/TreeNode";
			};
			name = Debug;
		};
		A13BCC8222F6CBBD00858D1F /* Release */ = {
			isa = XCBuildConfiguration;
			buildSettings = {
				ALWAYS_EMBED_SWIFT_STANDARD_LIBRARIES = YES;
				BUNDLE_LOADER = "$(TEST_HOST)";
				CODE_SIGN_STYLE = Automatic;
				DEVELOPMENT_TEAM = KGB4YH8FC6;
				INFOPLIST_FILE = TreeNodeTests/Info.plist;
				LD_RUNPATH_SEARCH_PATHS = (
					"$(inherited)",
					"@executable_path/Frameworks",
					"@loader_path/Frameworks",
				);
				PRODUCT_BUNDLE_IDENTIFIER = com.myron.TreeNodeTests;
				PRODUCT_NAME = "$(TARGET_NAME)";
				SWIFT_VERSION = 5.0;
				TARGETED_DEVICE_FAMILY = "1,2";
				TEST_HOST = "$(BUILT_PRODUCTS_DIR)/TreeNode.app/TreeNode";
			};
			name = Release;
		};
		A13BCC8422F6CBBD00858D1F /* Debug */ = {
			isa = XCBuildConfiguration;
			buildSettings = {
				ALWAYS_EMBED_SWIFT_STANDARD_LIBRARIES = YES;
				CODE_SIGN_STYLE = Automatic;
				DEVELOPMENT_TEAM = KGB4YH8FC6;
				INFOPLIST_FILE = TreeNodeUITests/Info.plist;
				LD_RUNPATH_SEARCH_PATHS = (
					"$(inherited)",
					"@executable_path/Frameworks",
					"@loader_path/Frameworks",
				);
				PRODUCT_BUNDLE_IDENTIFIER = com.myron.TreeNodeUITests;
				PRODUCT_NAME = "$(TARGET_NAME)";
				SWIFT_VERSION = 5.0;
				TARGETED_DEVICE_FAMILY = "1,2";
				TEST_TARGET_NAME = TreeNode;
			};
			name = Debug;
		};
		A13BCC8522F6CBBD00858D1F /* Release */ = {
			isa = XCBuildConfiguration;
			buildSettings = {
				ALWAYS_EMBED_SWIFT_STANDARD_LIBRARIES = YES;
				CODE_SIGN_STYLE = Automatic;
				DEVELOPMENT_TEAM = KGB4YH8FC6;
				INFOPLIST_FILE = TreeNodeUITests/Info.plist;
				LD_RUNPATH_SEARCH_PATHS = (
					"$(inherited)",
					"@executable_path/Frameworks",
					"@loader_path/Frameworks",
				);
				PRODUCT_BUNDLE_IDENTIFIER = com.myron.TreeNodeUITests;
				PRODUCT_NAME = "$(TARGET_NAME)";
				SWIFT_VERSION = 5.0;
				TARGETED_DEVICE_FAMILY = "1,2";
				TEST_TARGET_NAME = TreeNode;
			};
			name = Release;
		};
/* End XCBuildConfiguration section */

/* Begin XCConfigurationList section */
		A13BCC5022F6CBBC00858D1F /* Build configuration list for PBXProject "TreeNode" */ = {
			isa = XCConfigurationList;
			buildConfigurations = (
				A13BCC7B22F6CBBD00858D1F /* Debug */,
				A13BCC7C22F6CBBD00858D1F /* Release */,
			);
			defaultConfigurationIsVisible = 0;
			defaultConfigurationName = Release;
		};
		A13BCC7D22F6CBBD00858D1F /* Build configuration list for PBXNativeTarget "TreeNode" */ = {
			isa = XCConfigurationList;
			buildConfigurations = (
				A13BCC7E22F6CBBD00858D1F /* Debug */,
				A13BCC7F22F6CBBD00858D1F /* Release */,
			);
			defaultConfigurationIsVisible = 0;
			defaultConfigurationName = Release;
		};
		A13BCC8022F6CBBD00858D1F /* Build configuration list for PBXNativeTarget "TreeNodeTests" */ = {
			isa = XCConfigurationList;
			buildConfigurations = (
				A13BCC8122F6CBBD00858D1F /* Debug */,
				A13BCC8222F6CBBD00858D1F /* Release */,
			);
			defaultConfigurationIsVisible = 0;
			defaultConfigurationName = Release;
		};
		A13BCC8322F6CBBD00858D1F /* Build configuration list for PBXNativeTarget "TreeNodeUITests" */ = {
			isa = XCConfigurationList;
			buildConfigurations = (
				A13BCC8422F6CBBD00858D1F /* Debug */,
				A13BCC8522F6CBBD00858D1F /* Release */,
			);
			defaultConfigurationIsVisible = 0;
			defaultConfigurationName = Release;
		};
/* End XCConfigurationList section */
	};
	rootObject = A13BCC4D22F6CBBC00858D1F /* Project object */;
}
